
Microsoft Visual Studio Solution File, Format Version 12.00
# Visual Studio Version 17
VisualStudioVersion = 17.11.35327.3
MinimumVisualStudioVersion = 10.0.40219.1
Project("{FAE04EC0-301F-11D3-BF4B-00C04F79EFBC}") = "AdventOfCode", "AdventOfCode.csproj", "{DB493D66-6313-47CD-BD32-9227C361C45A}"
EndProject
Global
	GlobalSection(SolutionConfigurationPlatforms) = preSolution
		Debug|Any CPU = Debug|Any CPU
		Release|Any CPU = Release|Any CPU
	EndGlobalSection
	GlobalSection(ProjectConfigurationPlatforms) = postSolution
		{DB493D66-6313-47CD-BD32-9227C361C45A}.Debug|Any CPU.ActiveCfg = Debug|Any CPU
		{DB493D66-6313-47CD-BD32-9227C361C45A}.Debug|Any CPU.Build.0 = Debug|Any CPU
		{DB493D66-6313-47CD-BD32-9227C361C45A}.Release|Any CPU.ActiveCfg = Release|Any CPU
		{DB493D66-6313-47CD-BD32-9227C361C45A}.Release|Any CPU.Build.0 = Release|Any CPU
	EndGlobalSection
	GlobalSection(SolutionProperties) = preSolution
		HideSolutionNode = FALSE
	EndGlobalSection
	GlobalSection(ExtensibilityGlobals) = postSolution
		SolutionGuid = {20595460-88DE-4CC3-A2F8-5493A45CC214}
	EndGlobalSection
EndGlobal
